{
    "_readme": [
        "This file locks the dependencies of your project to a known state",
        "Read more about it at http://getcomposer.org/doc/01-basic-usage.md#composer-lock-the-lock-file",
        "This file is @generated automatically"
    ],
    "hash": "73aaa6668604373acfe803a02ce36811",
    "packages": [
        {
            "name": "guzzlehttp/guzzle",
            "version": "6.0.1",
            "source": {
                "type": "git",
                "url": "https://github.com/guzzle/guzzle.git",
                "reference": "f992b7b487a816c957d317442bed4966409873e0"
            },
            "dist": {
                "type": "zip",
                "url": "https://api.github.com/repos/guzzle/guzzle/zipball/f992b7b487a816c957d317442bed4966409873e0",
                "reference": "f992b7b487a816c957d317442bed4966409873e0",
                "shasum": ""
            },
            "require": {
                "guzzlehttp/promises": "^1.0.0",
                "guzzlehttp/psr7": "^1.0.0",
                "php": ">=5.5.0"
            },
            "require-dev": {
                "ext-curl": "*",
                "phpunit/phpunit": "^4.0",
                "psr/log": "^1.0"
            },
            "type": "library",
            "extra": {
                "branch-alias": {
                    "dev-master": "6.0-dev"
                }
            },
            "autoload": {
                "files": [
                    "src/functions.php"
                ],
                "psr-4": {
                    "GuzzleHttp\\": "src/"
                }
            },
            "notification-url": "https://packagist.org/downloads/",
            "license": [
                "MIT"
            ],
            "authors": [
                {
                    "name": "Michael Dowling",
                    "email": "mtdowling@gmail.com",
                    "homepage": "https://github.com/mtdowling"
                }
            ],
            "description": "Guzzle is a PHP HTTP client library",
            "homepage": "http://guzzlephp.org/",
            "keywords": [
                "client",
                "curl",
                "framework",
                "http",
                "http client",
                "rest",
                "web service"
            ],
            "time": "2015-05-27 16:57:51"
        },
        {
            "name": "guzzlehttp/promises",
            "version": "1.0.1",
            "source": {
                "type": "git",
                "url": "https://github.com/guzzle/promises.git",
                "reference": "2ee5bc7f1a92efecc90da7f6711a53a7be26b5b7"
            },
            "dist": {
                "type": "zip",
                "url": "https://api.github.com/repos/guzzle/promises/zipball/2ee5bc7f1a92efecc90da7f6711a53a7be26b5b7",
                "reference": "2ee5bc7f1a92efecc90da7f6711a53a7be26b5b7",
                "shasum": ""
            },
            "require": {
                "php": ">=5.5.0"
            },
            "require-dev": {
                "phpunit/phpunit": "~4.0"
            },
            "type": "library",
            "extra": {
                "branch-alias": {
                    "dev-master": "1.0-dev"
                }
            },
            "autoload": {
                "psr-4": {
                    "GuzzleHttp\\Promise\\": "src/"
                },
                "files": [
                    "src/functions.php"
                ]
            },
            "notification-url": "https://packagist.org/downloads/",
            "license": [
                "MIT"
            ],
            "authors": [
                {
                    "name": "Michael Dowling",
                    "email": "mtdowling@gmail.com",
                    "homepage": "https://github.com/mtdowling"
                }
            ],
            "description": "Guzzle promises library",
            "keywords": [
                "promise"
            ],
            "time": "2015-06-24 16:16:25"
        },
        {
            "name": "guzzlehttp/psr7",
            "version": "1.1.0",
            "source": {
                "type": "git",
                "url": "https://github.com/guzzle/psr7.git",
                "reference": "af0e1758de355eb113917ad79c3c0e3604bce4bd"
            },
            "dist": {
                "type": "zip",
                "url": "https://api.github.com/repos/guzzle/psr7/zipball/af0e1758de355eb113917ad79c3c0e3604bce4bd",
                "reference": "af0e1758de355eb113917ad79c3c0e3604bce4bd",
                "shasum": ""
            },
            "require": {
                "php": ">=5.4.0",
                "psr/http-message": "~1.0"
            },
            "provide": {
                "psr/http-message-implementation": "1.0"
            },
            "require-dev": {
                "phpunit/phpunit": "~4.0"
            },
            "type": "library",
            "extra": {
                "branch-alias": {
                    "dev-master": "1.0-dev"
                }
            },
            "autoload": {
                "psr-4": {
                    "GuzzleHttp\\Psr7\\": "src/"
                },
                "files": [
                    "src/functions.php"
                ]
            },
            "notification-url": "https://packagist.org/downloads/",
            "license": [
                "MIT"
            ],
            "authors": [
                {
                    "name": "Michael Dowling",
                    "email": "mtdowling@gmail.com",
                    "homepage": "https://github.com/mtdowling"
                }
            ],
            "description": "PSR-7 message implementation",
            "keywords": [
                "http",
                "message",
                "stream",
                "uri"
            ],
            "time": "2015-06-24 19:55:15"
        },
        {
            "name": "php-http/adapter",
            "version": "v0.1.0",
            "source": {
                "type": "git",
                "url": "https://github.com/php-http/adapter.git",
                "reference": "c6697453f41a9b4e05dfdbf4567a418d4cb3e632"
            },
            "dist": {
                "type": "zip",
                "url": "https://api.github.com/repos/php-http/adapter/zipball/c6697453f41a9b4e05dfdbf4567a418d4cb3e632",
                "reference": "c6697453f41a9b4e05dfdbf4567a418d4cb3e632",
                "shasum": ""
            },
            "require": {
                "php": ">=5.4",
                "psr/http-message": "~1.0"
            },
            "type": "library",
            "extra": {
                "branch-alias": {
                    "dev-master": "0.1-dev"
                }
            },
            "autoload": {
                "psr-4": {
                    "Http\\Adapter\\": "src/"
                }
            },
            "notification-url": "https://packagist.org/downloads/",
            "license": [
                "MIT"
            ],
            "authors": [
                {
                    "name": "Eric GELOEN",
                    "email": "geloen.eric@gmail.com"
                },
                {
                    "name": "Márk Sági-Kazár",
                    "email": "mark.sagikazar@gmail.com"
                }
            ],
            "description": "HTTP adapter contract",
            "homepage": "http://php-http.org",
            "keywords": [
                "adapter",
                "http"
            ],
            "time": "2015-06-03 17:57:46"
        },
        {
            "name": "php-http/adapter-client",
            "version": "dev-master",
            "source": {
                "type": "git",
                "url": "https://github.com/php-http/adapter-client.git",
                "reference": "ba6fbd455016356468b5423d575d9cd2082a02a3"
            },
            "dist": {
                "type": "zip",
                "url": "https://api.github.com/repos/php-http/adapter-client/zipball/ba6fbd455016356468b5423d575d9cd2082a02a3",
                "reference": "ba6fbd455016356468b5423d575d9cd2082a02a3",
                "shasum": ""
            },
            "require": {
                "php": ">=5.4",
                "php-http/adapter-implementation": "^0.1",
                "php-http/client": "^0.1",
                "php-http/discovery": "^0.1",
                "php-http/helper": "^0.1@dev",
                "php-http/message-decorator": "^0.1",
                "php-http/message-factory": "^0.1"
            },
            "require-dev": {
                "henrikbjorn/phpspec-code-coverage": "~1.0",
                "php-http/adapter-integration-tests": "^0.1",
                "php-http/guzzle6-adapter": "^0.1",
                "phpspec/phpspec": "~2.1"
            },
            "type": "library",
            "extra": {
                "branch-alias": {
                    "dev-master": "0.1-dev"
                }
            },
            "autoload": {
                "psr-4": {
                    "Http\\Adapter\\": "src/"
                }
            },
            "notification-url": "https://packagist.org/downloads/",
            "license": [
                "MIT"
            ],
            "authors": [
                {
                    "name": "Eric GELOEN",
                    "email": "geloen.eric@gmail.com"
                },
                {
                    "name": "Márk Sági-Kazár",
                    "email": "mark.sagikazar@gmail.com"
                }
            ],
            "description": "HTTP Client using adapters",
            "homepage": "http://php-http.org",
            "keywords": [
                "adapter",
                "client",
                "http"
            ],
            "time": "2015-06-19 16:40:55"
        },
        {
            "name": "php-http/client",
            "version": "dev-master",
            "source": {
                "type": "git",
                "url": "https://github.com/php-http/client.git",
                "reference": "9b230cc00b0f26db912a8836d383ca7e7a3a4f22"
            },
            "dist": {
                "type": "zip",
                "url": "https://api.github.com/repos/php-http/client/zipball/9b230cc00b0f26db912a8836d383ca7e7a3a4f22",
                "reference": "9b230cc00b0f26db912a8836d383ca7e7a3a4f22",
                "shasum": ""
            },
            "require": {
                "php": ">=5.4",
                "php-http/message-factory": "^0.1",
                "psr/http-message": "^1.0"
            },
            "type": "library",
            "extra": {
                "branch-alias": {
                    "dev-master": "0.1-dev"
                }
            },
            "autoload": {
                "psr-4": {
                    "Http\\Client\\": "src/"
                }
            },
            "notification-url": "https://packagist.org/downloads/",
            "license": [
                "MIT"
            ],
            "authors": [
                {
                    "name": "Eric GELOEN",
                    "email": "geloen.eric@gmail.com"
                },
                {
                    "name": "Márk Sági-Kazár",
                    "email": "mark.sagikazar@gmail.com"
                }
            ],
            "description": "HTTP client interfaces",
            "homepage": "http://php-http.org",
            "keywords": [
                "client",
                "http"
            ],
            "time": "2015-06-13 15:32:40"
        },
        {
            "name": "php-http/discovery",
            "version": "v0.1.1",
            "source": {
                "type": "git",
                "url": "https://github.com/php-http/discovery.git",
                "reference": "988fa2f94df8ec071c56113d40e33afb326c5029"
            },
            "dist": {
                "type": "zip",
                "url": "https://api.github.com/repos/php-http/discovery/zipball/988fa2f94df8ec071c56113d40e33afb326c5029",
                "reference": "988fa2f94df8ec071c56113d40e33afb326c5029",
                "shasum": ""
            },
            "require": {
                "php": ">=5.4",
                "php-http/message-factory": "^0.1"
            },
            "require-dev": {
                "guzzlehttp/psr7": "~1.0",
                "henrikbjorn/phpspec-code-coverage": "~1.0",
                "phpspec/phpspec": "~2.2",
                "zendframework/zend-diactoros": "~1.0"
            },
            "suggest": {
                "guzzlehttp/psr7": "Used with Guzzle PSR-7 MessageFactory",
                "zendframework/zend-diactoros": "Used with Diactoros MessageFactory"
            },
            "type": "library",
            "extra": {
                "branch-alias": {
                    "dev-master": "0.2-dev"
                }
            },
            "autoload": {
                "psr-4": {
                    "Http\\Discovery\\": "src/"
                }
            },
            "notification-url": "https://packagist.org/downloads/",
            "license": [
                "MIT"
            ],
            "authors": [
                {
                    "name": "Eric GELOEN",
                    "email": "geloen.eric@gmail.com"
                },
                {
                    "name": "Márk Sági-Kazár",
                    "email": "mark.sagikazar@gmail.com"
                }
            ],
            "description": "Finds installed adapters and message factories",
            "homepage": "http://php-http.org",
            "keywords": [
                "adapter",
                "discovery",
                "factory",
                "http",
                "message"
            ],
            "time": "2015-06-13 12:15:22"
        },
        {
            "name": "php-http/guzzle6-adapter",
            "version": "v0.1.0",
            "source": {
                "type": "git",
                "url": "https://github.com/php-http/guzzle6-adapter.git",
                "reference": "a4ff6a8e9fe2e25f097727568d9eaea8b293faa7"
            },
            "dist": {
                "type": "zip",
                "url": "https://api.github.com/repos/php-http/guzzle6-adapter/zipball/a4ff6a8e9fe2e25f097727568d9eaea8b293faa7",
                "reference": "a4ff6a8e9fe2e25f097727568d9eaea8b293faa7",
                "shasum": ""
            },
            "require": {
                "guzzlehttp/guzzle": "~6.0",
                "php": ">=5.4",
                "php-http/adapter": "^0.1"
            },
            "provide": {
                "php-http/adapter-implementation": "0.1"
            },
            "require-dev": {
                "ext-curl": "*",
                "php-http/adapter-integration-tests": "^0.1"
            },
            "type": "library",
            "extra": {
                "branch-alias": {
                    "dev-master": "0.1-dev"
                }
            },
            "autoload": {
                "psr-4": {
                    "Http\\Adapter\\": "src/"
                }
            },
            "notification-url": "https://packagist.org/downloads/",
            "license": [
                "MIT"
            ],
            "authors": [
                {
                    "name": "Márk Sági-Kazár",
                    "email": "mark.sagikazar@gmail.com"
                },
                {
                    "name": "David de Boer",
                    "email": "david@ddeboer.nl"
                }
            ],
            "description": "Guzzle 6 HTTP adapter",
            "homepage": "http://php-http.org",
            "keywords": [
                "Guzzle",
                "http"
            ],
            "time": "2015-06-12 13:31:57"
        },
        {
            "name": "php-http/helper",
            "version": "dev-master",
            "source": {
                "type": "git",
                "url": "https://github.com/php-http/helper.git",
                "reference": "0eb61a619ceab4f16e054a761baecf1a0a9ab001"
            },
            "dist": {
                "type": "zip",
                "url": "https://api.github.com/repos/php-http/helper/zipball/0eb61a619ceab4f16e054a761baecf1a0a9ab001",
                "reference": "0eb61a619ceab4f16e054a761baecf1a0a9ab001",
                "shasum": ""
            },
            "require": {
                "php": ">=5.4"
            },
            "require-dev": {
                "phpunit/phpunit": "^4.4"
            },
            "type": "library",
            "extra": {
                "branch-alias": {
                    "dev-master": "0.1-dev"
                }
            },
            "autoload": {
                "psr-4": {
                    "Http\\Helper\\": "src/"
                }
            },
            "notification-url": "https://packagist.org/downloads/",
            "license": [
                "MIT"
            ],
            "authors": [
                {
                    "name": "Eric GELOEN",
                    "email": "geloen.eric@gmail.com"
                },
                {
                    "name": "Márk Sági-Kazár",
                    "email": "mark.sagikazar@gmail.com"
                }
            ],
            "description": "Helper classes for HTTP related data",
            "homepage": "http://php-http.org",
            "keywords": [
                "helper",
                "http"
            ],
            "time": "2015-06-13 15:39:32"
        },
        {
            "name": "php-http/message-decorator",
            "version": "v0.1.0",
            "source": {
                "type": "git",
                "url": "https://github.com/php-http/message-decorator.git",
                "reference": "fd1c359d67b2ac7633ab6bd7421a79fae05993a5"
            },
            "dist": {
                "type": "zip",
                "url": "https://api.github.com/repos/php-http/message-decorator/zipball/fd1c359d67b2ac7633ab6bd7421a79fae05993a5",
                "reference": "fd1c359d67b2ac7633ab6bd7421a79fae05993a5",
                "shasum": ""
            },
            "require": {
                "php": ">=5.4",
                "psr/http-message": "~1.0"
            },
            "require-dev": {
                "henrikbjorn/phpspec-code-coverage": "~1.0",
                "phpspec/phpspec": "~2.1"
            },
            "type": "library",
            "extra": {
                "branch-alias": {
                    "dev-master": "0.1-dev"
                }
            },
            "autoload": {
                "psr-4": {
                    "Http\\Message\\": "src/"
                }
            },
            "notification-url": "https://packagist.org/downloads/",
            "license": [
                "MIT"
            ],
            "authors": [
                {
                    "name": "Eric GELOEN",
                    "email": "geloen.eric@gmail.com"
                },
                {
                    "name": "Márk Sági-Kazár",
                    "email": "mark.sagikazar@gmail.com"
                }
            ],
            "description": "Decorators for PSR-7 HTTP Messages",
            "homepage": "http://php-http.org",
            "keywords": [
                "decorator",
                "http",
                "message"
            ],
            "time": "2015-06-01 07:49:13"
        },
        {
            "name": "php-http/message-factory",
            "version": "v0.1.0",
            "source": {
                "type": "git",
                "url": "https://github.com/php-http/message-factory.git",
                "reference": "5a6b72a3383372efca5e3a1a4ac45be7833d8f8b"
            },
            "dist": {
                "type": "zip",
                "url": "https://api.github.com/repos/php-http/message-factory/zipball/5a6b72a3383372efca5e3a1a4ac45be7833d8f8b",
                "reference": "5a6b72a3383372efca5e3a1a4ac45be7833d8f8b",
                "shasum": ""
            },
            "require": {
                "php": ">=5.4",
                "psr/http-message": "~1.0"
            },
            "type": "library",
            "extra": {
                "branch-alias": {
                    "dev-master": "0.1-dev"
                }
            },
            "autoload": {
                "psr-4": {
                    "Http\\Message\\": "src/"
                }
            },
            "notification-url": "https://packagist.org/downloads/",
            "license": [
                "MIT"
            ],
            "authors": [
                {
                    "name": "Eric GELOEN",
                    "email": "geloen.eric@gmail.com"
                },
                {
                    "name": "Márk Sági-Kazár",
                    "email": "mark.sagikazar@gmail.com"
                }
            ],
            "description": "Factory interfaces for PSR-7 HTTP Message",
            "homepage": "http://php-http.org",
            "keywords": [
                "factory",
                "http",
                "message",
                "stream",
                "uri"
            ],
            "time": "2015-06-01 07:15:44"
        },
        {
            "name": "psr/http-message",
            "version": "1.0",
            "source": {
                "type": "git",
                "url": "https://github.com/php-fig/http-message.git",
                "reference": "85d63699f0dbedb190bbd4b0d2b9dc707ea4c298"
            },
            "dist": {
                "type": "zip",
                "url": "https://api.github.com/repos/php-fig/http-message/zipball/85d63699f0dbedb190bbd4b0d2b9dc707ea4c298",
                "reference": "85d63699f0dbedb190bbd4b0d2b9dc707ea4c298",
                "shasum": ""
            },
            "require": {
                "php": ">=5.3.0"
            },
            "type": "library",
            "extra": {
                "branch-alias": {
                    "dev-master": "1.0.x-dev"
                }
            },
            "autoload": {
                "psr-4": {
                    "Psr\\Http\\Message\\": "src/"
                }
            },
            "notification-url": "https://packagist.org/downloads/",
            "license": [
                "MIT"
            ],
            "authors": [
                {
                    "name": "PHP-FIG",
                    "homepage": "http://www.php-fig.org/"
                }
            ],
            "description": "Common interface for HTTP messages",
            "keywords": [
                "http",
                "http-message",
                "psr",
                "psr-7",
                "request",
                "response"
            ],
            "time": "2015-05-04 20:22:00"
        },
        {
            "name": "symfony/http-foundation",
            "version": "v2.7.1",
            "source": {
                "type": "git",
                "url": "https://github.com/symfony/HttpFoundation.git",
                "reference": "4f363c426b0ced57e3d14460022feb63937980ff"
            },
            "dist": {
                "type": "zip",
                "url": "https://api.github.com/repos/symfony/HttpFoundation/zipball/4f363c426b0ced57e3d14460022feb63937980ff",
                "reference": "4f363c426b0ced57e3d14460022feb63937980ff",
                "shasum": ""
            },
            "require": {
                "php": ">=5.3.9"
            },
            "require-dev": {
                "symfony/expression-language": "~2.4",
                "symfony/phpunit-bridge": "~2.7"
            },
            "type": "library",
            "extra": {
                "branch-alias": {
                    "dev-master": "2.7-dev"
                }
            },
            "autoload": {
                "psr-4": {
                    "Symfony\\Component\\HttpFoundation\\": ""
                },
                "classmap": [
                    "Resources/stubs"
                ]
            },
            "notification-url": "https://packagist.org/downloads/",
            "license": [
                "MIT"
            ],
            "authors": [
                {
                    "name": "Fabien Potencier",
                    "email": "fabien@symfony.com"
                },
                {
                    "name": "Symfony Community",
                    "homepage": "https://symfony.com/contributors"
                }
            ],
            "description": "Symfony HttpFoundation Component",
            "homepage": "https://symfony.com",
            "time": "2015-06-10 15:30:22"
        },
        {
            "name": "symfony/psr-http-message-bridge",
            "version": "v0.2",
            "source": {
                "type": "git",
                "url": "https://github.com/symfony/psr-http-message-bridge.git",
                "reference": "dc7e308e1dc2898a46776e2221a643cb08315453"
            },
            "dist": {
                "type": "zip",
                "url": "https://api.github.com/repos/symfony/psr-http-message-bridge/zipball/dc7e308e1dc2898a46776e2221a643cb08315453",
                "reference": "dc7e308e1dc2898a46776e2221a643cb08315453",
                "shasum": ""
            },
            "require": {
                "php": ">=5.3.3",
                "psr/http-message": "~1.0",
                "symfony/http-foundation": "~2.3|~3.0"
            },
            "require-dev": {
                "symfony/phpunit-bridge": "~2.7|~3.0"
            },
            "suggest": {
                "zendframework/zend-diactoros": "To use the Zend Diactoros factory"
            },
            "type": "symfony-bridge",
            "autoload": {
                "psr-4": {
                    "Symfony\\Bridge\\PsrHttpMessage\\": ""
                }
            },
            "notification-url": "https://packagist.org/downloads/",
            "license": [
                "MIT"
            ],
            "authors": [
                {
                    "name": "Symfony Community",
                    "homepage": "http://symfony.com/contributors"
                },
                {
                    "name": "Fabien Potencier",
                    "email": "fabien@symfony.com"
                }
            ],
            "description": "PSR HTTP message bridge",
            "homepage": "http://symfony.com",
            "keywords": [
                "http",
                "http-message",
                "psr-7"
            ],
            "time": "2015-05-29 17:57:12"
        },
        {
            "name": "zendframework/zend-diactoros",
            "version": "1.1.1",
            "source": {
                "type": "git",
                "url": "https://github.com/zendframework/zend-diactoros.git",
                "reference": "eeedadd333b80bb5d93559e2285047463fe4fe33"
            },
            "dist": {
                "type": "zip",
                "url": "https://api.github.com/repos/zendframework/zend-diactoros/zipball/eeedadd333b80bb5d93559e2285047463fe4fe33",
                "reference": "eeedadd333b80bb5d93559e2285047463fe4fe33",
                "shasum": ""
            },
            "require": {
                "php": ">=5.4",
                "psr/http-message": "~1.0"
            },
            "provide": {
                "psr/http-message-implementation": "~1.0.0"
            },
            "require-dev": {
                "phpunit/phpunit": "~4.6",
                "squizlabs/php_codesniffer": "^2.3.1"
            },
            "type": "library",
            "extra": {
                "branch-alias": {
                    "dev-master": "1.0-dev",
                    "dev-develop": "1.1-dev"
                }
            },
            "autoload": {
                "psr-4": {
                    "Zend\\Diactoros\\": "src/"
                }
            },
            "notification-url": "https://packagist.org/downloads/",
            "license": [
                "BSD-2-Clause"
            ],
            "description": "PSR HTTP Message implementations",
            "homepage": "https://github.com/zendframework/zend-diactoros",
            "keywords": [
                "http",
                "psr",
                "psr-7"
            ],
            "time": "2015-06-25 18:07:28"
        }
    ],
    "packages-dev": [],
    "aliases": [],
    "minimum-stability": "stable",
    "stability-flags": {
        "php-http/adapter-client": 20,
        "php-http/client": 20,
        "php-http/helper": 20
    },
    "prefer-stable": false,
    "prefer-lowest": false,
    "platform": [],
    "platform-dev": []
}
